
Microsoft Visual Studio Solution File, Format Version 12.00
# Visual Studio Version 17
VisualStudioVersion = 17.4.33205.214
MinimumVisualStudioVersion = 10.0.40219.1
Project("{FAE04EC0-301F-11D3-BF4B-00C04F79EFBC}") = "Student_Database_Exam.Presentation", "Student_Database_Exam.Presentation.csproj", "{CFA93BFB-92E6-4DE6-ADEC-62CFDCAC2FD3}"
EndProject
Project("{FAE04EC0-301F-11D3-BF4B-00C04F79EFBC}") = "Student_Database_Exam.BussinessLogic", "..\Student_Database_Exam.BussinessLogic\Student_Database_Exam.BussinessLogic.csproj", "{03924780-67EE-4D39-BB1B-CCFC072A62F6}"
EndProject
Project("{FAE04EC0-301F-11D3-BF4B-00C04F79EFBC}") = "Student_Database_Exam.Repository", "..\Student_Database_Exam.Repository\Student_Database_Exam.Repository.csproj", "{E356CA52-6824-4B12-BC75-1F7D992F18F4}"
EndProject
Global
	GlobalSection(SolutionConfigurationPlatforms) = preSolution
		Debug|Any CPU = Debug|Any CPU
		Release|Any CPU = Release|Any CPU
	EndGlobalSection
	GlobalSection(ProjectConfigurationPlatforms) = postSolution
		{CFA93BFB-92E6-4DE6-ADEC-62CFDCAC2FD3}.Debug|Any CPU.ActiveCfg = Debug|Any CPU
		{CFA93BFB-92E6-4DE6-ADEC-62CFDCAC2FD3}.Debug|Any CPU.Build.0 = Debug|Any CPU
		{CFA93BFB-92E6-4DE6-ADEC-62CFDCAC2FD3}.Release|Any CPU.ActiveCfg = Release|Any CPU
		{CFA93BFB-92E6-4DE6-ADEC-62CFDCAC2FD3}.Release|Any CPU.Build.0 = Release|Any CPU
		{03924780-67EE-4D39-BB1B-CCFC072A62F6}.Debug|Any CPU.ActiveCfg = Debug|Any CPU
		{03924780-67EE-4D39-BB1B-CCFC072A62F6}.Debug|Any CPU.Build.0 = Debug|Any CPU
		{03924780-67EE-4D39-BB1B-CCFC072A62F6}.Release|Any CPU.ActiveCfg = Release|Any CPU
		{03924780-67EE-4D39-BB1B-CCFC072A62F6}.Release|Any CPU.Build.0 = Release|Any CPU
		{E356CA52-6824-4B12-BC75-1F7D992F18F4}.Debug|Any CPU.ActiveCfg = Debug|Any CPU
		{E356CA52-6824-4B12-BC75-1F7D992F18F4}.Debug|Any CPU.Build.0 = Debug|Any CPU
		{E356CA52-6824-4B12-BC75-1F7D992F18F4}.Release|Any CPU.ActiveCfg = Release|Any CPU
		{E356CA52-6824-4B12-BC75-1F7D992F18F4}.Release|Any CPU.Build.0 = Release|Any CPU
	EndGlobalSection
	GlobalSection(SolutionProperties) = preSolution
		HideSolutionNode = FALSE
	EndGlobalSection
	GlobalSection(ExtensibilityGlobals) = postSolution
		SolutionGuid = {DA21877F-5106-40DA-ADFA-A1DE28A6AE93}
	EndGlobalSection
EndGlobal
